
Microsoft Visual Studio Solution File, Format Version 12.00
# Visual Studio Version 17
VisualStudioVersion = 17.0.31903.59
MinimumVisualStudioVersion = 10.0.40219.1
Project("{2150E333-8FDC-42A3-9474-1A3956D46DE8}") = "src", "src", "{827E0CD3-B72D-47B6-A68D-7590B98EB39B}"
EndProject
Project("{FAE04EC0-301F-11D3-BF4B-00C04F79EFBC}") = "Calendar.Plugin.Abstractions", "src\Calendar.Plugin.Abstractions\Calendar.Plugin.Abstractions.csproj", "{E5BE2C75-5919-4824-BDEC-EBED00D55C23}"
EndProject
Project("{FAE04EC0-301F-11D3-BF4B-00C04F79EFBC}") = "Calendar.Domain", "src\Calendar.Domain\Calendar.Domain.csproj", "{08CAC29D-70A5-459C-B9A0-A85EEAB6F839}"
EndProject
Project("{FAE04EC0-301F-11D3-BF4B-00C04F79EFBC}") = "Calendar.Application", "src\Calendar.Application\Calendar.Application.csproj", "{9B22B786-993D-4E47-B154-570D088F1F17}"
EndProject
Project("{FAE04EC0-301F-11D3-BF4B-00C04F79EFBC}") = "Calendar.Infrastructure", "src\Calendar.Infrastructure\Calendar.Infrastructure.csproj", "{16A5A311-FE8F-4362-B80A-C9554EC6B54A}"
EndProject
Project("{2150E333-8FDC-42A3-9474-1A3956D46DE8}") = "tests", "tests", "{0AB3BF05-4346-4AA6-1389-037BE0695223}"
EndProject
Project("{2150E333-8FDC-42A3-9474-1A3956D46DE8}") = "fixtures", "fixtures", "{F12727AA-ABEF-07AF-E6F0-CD96E3D9A8AF}"
EndProject
Project("{FAE04EC0-301F-11D3-BF4B-00C04F79EFBC}") = "Calendar.Plugin.TrivialTest", "tests\fixtures\Calendar.Plugin.TrivialTest\Calendar.Plugin.TrivialTest.csproj", "{0961CB76-D34C-4488-900C-F65D002A4262}"
EndProject
Project("{FAE04EC0-301F-11D3-BF4B-00C04F79EFBC}") = "Calendar.Domain.Tests", "tests\Calendar.Domain.Tests\Calendar.Domain.Tests.csproj", "{BB035E2D-921F-46FE-ADC8-D1AE67D0A589}"
EndProject
Project("{FAE04EC0-301F-11D3-BF4B-00C04F79EFBC}") = "Calendar.Integration.Tests", "tests\Calendar.Integration.Tests\Calendar.Integration.Tests.csproj", "{DF9175EF-BAE3-434F-BB01-91AA55554E72}"
EndProject
Project("{FAE04EC0-301F-11D3-BF4B-00C04F79EFBC}") = "Calendar.Web", "src\Calendar.Web\Calendar.Web.csproj", "{5C1DF961-AAEA-45F1-9237-967A4A057019}"
EndProject
Project("{FAE04EC0-301F-11D3-BF4B-00C04F79EFBC}") = "Calendar.Api", "src\Calendar.Api\Calendar.Api.csproj", "{0CED1703-DBFC-4CC8-BC8B-812F6672FC22}"
EndProject
Project("{FAE04EC0-301F-11D3-BF4B-00C04F79EFBC}") = "Calendar.Web.Tests", "tests\Calendar.Web.Tests\Calendar.Web.Tests.csproj", "{60390B27-917A-458A-B874-FB01FE27CB77}"
EndProject
Project("{2150E333-8FDC-42A3-9474-1A3956D46DE8}") = "plugins", "plugins", "{07D57EEB-2F50-60C4-C011-FE4FA775C9A8}"
EndProject
Project("{FAE04EC0-301F-11D3-BF4B-00C04F79EFBC}") = "Calendar.Plugin.Ics", "plugins\Calendar.Plugin.Ics\Calendar.Plugin.Ics.csproj", "{286AFAAC-39A0-4669-B038-40B2467B35D2}"
EndProject
Project("{FAE04EC0-301F-11D3-BF4B-00C04F79EFBC}") = "Calendar.Plugin.Ics.Tests", "tests\Calendar.Plugin.Ics.Tests\Calendar.Plugin.Ics.Tests.csproj", "{5823E970-CBE0-4926-87BF-5EC92B91F262}"
EndProject
Global
	GlobalSection(SolutionConfigurationPlatforms) = preSolution
		Debug|Any CPU = Debug|Any CPU
		Debug|x64 = Debug|x64
		Debug|x86 = Debug|x86
		Release|Any CPU = Release|Any CPU
		Release|x64 = Release|x64
		Release|x86 = Release|x86
	EndGlobalSection
	GlobalSection(ProjectConfigurationPlatforms) = postSolution
		{E5BE2C75-5919-4824-BDEC-EBED00D55C23}.Debug|Any CPU.ActiveCfg = Debug|Any CPU
		{E5BE2C75-5919-4824-BDEC-EBED00D55C23}.Debug|Any CPU.Build.0 = Debug|Any CPU
		{E5BE2C75-5919-4824-BDEC-EBED00D55C23}.Debug|x64.ActiveCfg = Debug|Any CPU
		{E5BE2C75-5919-4824-BDEC-EBED00D55C23}.Debug|x64.Build.0 = Debug|Any CPU
		{E5BE2C75-5919-4824-BDEC-EBED00D55C23}.Debug|x86.ActiveCfg = Debug|Any CPU
		{E5BE2C75-5919-4824-BDEC-EBED00D55C23}.Debug|x86.Build.0 = Debug|Any CPU
		{E5BE2C75-5919-4824-BDEC-EBED00D55C23}.Release|Any CPU.ActiveCfg = Release|Any CPU
		{E5BE2C75-5919-4824-BDEC-EBED00D55C23}.Release|Any CPU.Build.0 = Release|Any CPU
		{E5BE2C75-5919-4824-BDEC-EBED00D55C23}.Release|x64.ActiveCfg = Release|Any CPU
		{E5BE2C75-5919-4824-BDEC-EBED00D55C23}.Release|x64.Build.0 = Release|Any CPU
		{E5BE2C75-5919-4824-BDEC-EBED00D55C23}.Release|x86.ActiveCfg = Release|Any CPU
		{E5BE2C75-5919-4824-BDEC-EBED00D55C23}.Release|x86.Build.0 = Release|Any CPU
		{08CAC29D-70A5-459C-B9A0-A85EEAB6F839}.Debug|Any CPU.ActiveCfg = Debug|Any CPU
		{08CAC29D-70A5-459C-B9A0-A85EEAB6F839}.Debug|Any CPU.Build.0 = Debug|Any CPU
		{08CAC29D-70A5-459C-B9A0-A85EEAB6F839}.Debug|x64.ActiveCfg = Debug|Any CPU
		{08CAC29D-70A5-459C-B9A0-A85EEAB6F839}.Debug|x64.Build.0 = Debug|Any CPU
		{08CAC29D-70A5-459C-B9A0-A85EEAB6F839}.Debug|x86.ActiveCfg = Debug|Any CPU
		{08CAC29D-70A5-459C-B9A0-A85EEAB6F839}.Debug|x86.Build.0 = Debug|Any CPU
		{08CAC29D-70A5-459C-B9A0-A85EEAB6F839}.Release|Any CPU.ActiveCfg = Release|Any CPU
		{08CAC29D-70A5-459C-B9A0-A85EEAB6F839}.Release|Any CPU.Build.0 = Release|Any CPU
		{08CAC29D-70A5-459C-B9A0-A85EEAB6F839}.Release|x64.ActiveCfg = Release|Any CPU
		{08CAC29D-70A5-459C-B9A0-A85EEAB6F839}.Release|x64.Build.0 = Release|Any CPU
		{08CAC29D-70A5-459C-B9A0-A85EEAB6F839}.Release|x86.ActiveCfg = Release|Any CPU
		{08CAC29D-70A5-459C-B9A0-A85EEAB6F839}.Release|x86.Build.0 = Release|Any CPU
		{9B22B786-993D-4E47-B154-570D088F1F17}.Debug|Any CPU.ActiveCfg = Debug|Any CPU
		{9B22B786-993D-4E47-B154-570D088F1F17}.Debug|Any CPU.Build.0 = Debug|Any CPU
		{9B22B786-993D-4E47-B154-570D088F1F17}.Debug|x64.ActiveCfg = Debug|Any CPU
		{9B22B786-993D-4E47-B154-570D088F1F17}.Debug|x64.Build.0 = Debug|Any CPU
		{9B22B786-993D-4E47-B154-570D088F1F17}.Debug|x86.ActiveCfg = Debug|Any CPU
		{9B22B786-993D-4E47-B154-570D088F1F17}.Debug|x86.Build.0 = Debug|Any CPU
		{9B22B786-993D-4E47-B154-570D088F1F17}.Release|Any CPU.ActiveCfg = Release|Any CPU
		{9B22B786-993D-4E47-B154-570D088F1F17}.Release|Any CPU.Build.0 = Release|Any CPU
		{9B22B786-993D-4E47-B154-570D088F1F17}.Release|x64.ActiveCfg = Release|Any CPU
		{9B22B786-993D-4E47-B154-570D088F1F17}.Release|x64.Build.0 = Release|Any CPU
		{9B22B786-993D-4E47-B154-570D088F1F17}.Release|x86.ActiveCfg = Release|Any CPU
		{9B22B786-993D-4E47-B154-570D088F1F17}.Release|x86.Build.0 = Release|Any CPU
		{16A5A311-FE8F-4362-B80A-C9554EC6B54A}.Debug|Any CPU.ActiveCfg = Debug|Any CPU
		{16A5A311-FE8F-4362-B80A-C9554EC6B54A}.Debug|Any CPU.Build.0 = Debug|Any CPU
		{16A5A311-FE8F-4362-B80A-C9554EC6B54A}.Debug|x64.ActiveCfg = Debug|Any CPU
		{16A5A311-FE8F-4362-B80A-C9554EC6B54A}.Debug|x64.Build.0 = Debug|Any CPU
		{16A5A311-FE8F-4362-B80A-C9554EC6B54A}.Debug|x86.ActiveCfg = Debug|Any CPU
		{16A5A311-FE8F-4362-B80A-C9554EC6B54A}.Debug|x86.Build.0 = Debug|Any CPU
		{16A5A311-FE8F-4362-B80A-C9554EC6B54A}.Release|Any CPU.ActiveCfg = Release|Any CPU
		{16A5A311-FE8F-4362-B80A-C9554EC6B54A}.Release|Any CPU.Build.0 = Release|Any CPU
		{16A5A311-FE8F-4362-B80A-C9554EC6B54A}.Release|x64.ActiveCfg = Release|Any CPU
		{16A5A311-FE8F-4362-B80A-C9554EC6B54A}.Release|x64.Build.0 = Release|Any CPU
		{16A5A311-FE8F-4362-B80A-C9554EC6B54A}.Release|x86.ActiveCfg = Release|Any CPU
		{16A5A311-FE8F-4362-B80A-C9554EC6B54A}.Release|x86.Build.0 = Release|Any CPU
		{0961CB76-D34C-4488-900C-F65D002A4262}.Debug|Any CPU.ActiveCfg = Debug|Any CPU
		{0961CB76-D34C-4488-900C-F65D002A4262}.Debug|Any CPU.Build.0 = Debug|Any CPU
		{0961CB76-D34C-4488-900C-F65D002A4262}.Debug|x64.ActiveCfg = Debug|Any CPU
		{0961CB76-D34C-4488-900C-F65D002A4262}.Debug|x64.Build.0 = Debug|Any CPU
		{0961CB76-D34C-4488-900C-F65D002A4262}.Debug|x86.ActiveCfg = Debug|Any CPU
		{0961CB76-D34C-4488-900C-F65D002A4262}.Debug|x86.Build.0 = Debug|Any CPU
		{0961CB76-D34C-4488-900C-F65D002A4262}.Release|Any CPU.ActiveCfg = Release|Any CPU
		{0961CB76-D34C-4488-900C-F65D002A4262}.Release|Any CPU.Build.0 = Release|Any CPU
		{0961CB76-D34C-4488-900C-F65D002A4262}.Release|x64.ActiveCfg = Release|Any CPU
		{0961CB76-D34C-4488-900C-F65D002A4262}.Release|x64.Build.0 = Release|Any CPU
		{0961CB76-D34C-4488-900C-F65D002A4262}.Release|x86.ActiveCfg = Release|Any CPU
		{0961CB76-D34C-4488-900C-F65D002A4262}.Release|x86.Build.0 = Release|Any CPU
		{BB035E2D-921F-46FE-ADC8-D1AE67D0A589}.Debug|Any CPU.ActiveCfg = Debug|Any CPU
		{BB035E2D-921F-46FE-ADC8-D1AE67D0A589}.Debug|Any CPU.Build.0 = Debug|Any CPU
		{BB035E2D-921F-46FE-ADC8-D1AE67D0A589}.Debug|x64.ActiveCfg = Debug|Any CPU
		{BB035E2D-921F-46FE-ADC8-D1AE67D0A589}.Debug|x64.Build.0 = Debug|Any CPU
		{BB035E2D-921F-46FE-ADC8-D1AE67D0A589}.Debug|x86.ActiveCfg = Debug|Any CPU
		{BB035E2D-921F-46FE-ADC8-D1AE67D0A589}.Debug|x86.Build.0 = Debug|Any CPU
		{BB035E2D-921F-46FE-ADC8-D1AE67D0A589}.Release|Any CPU.ActiveCfg = Release|Any CPU
		{BB035E2D-921F-46FE-ADC8-D1AE67D0A589}.Release|Any CPU.Build.0 = Release|Any CPU
		{BB035E2D-921F-46FE-ADC8-D1AE67D0A589}.Release|x64.ActiveCfg = Release|Any CPU
		{BB035E2D-921F-46FE-ADC8-D1AE67D0A589}.Release|x64.Build.0 = Release|Any CPU
		{BB035E2D-921F-46FE-ADC8-D1AE67D0A589}.Release|x86.ActiveCfg = Release|Any CPU
		{BB035E2D-921F-46FE-ADC8-D1AE67D0A589}.Release|x86.Build.0 = Release|Any CPU
		{DF9175EF-BAE3-434F-BB01-91AA55554E72}.Debug|Any CPU.ActiveCfg = Debug|Any CPU
		{DF9175EF-BAE3-434F-BB01-91AA55554E72}.Debug|Any CPU.Build.0 = Debug|Any CPU
		{DF9175EF-BAE3-434F-BB01-91AA55554E72}.Debug|x64.ActiveCfg = Debug|Any CPU
		{DF9175EF-BAE3-434F-BB01-91AA55554E72}.Debug|x64.Build.0 = Debug|Any CPU
		{DF9175EF-BAE3-434F-BB01-91AA55554E72}.Debug|x86.ActiveCfg = Debug|Any CPU
		{DF9175EF-BAE3-434F-BB01-91AA55554E72}.Debug|x86.Build.0 = Debug|Any CPU
		{DF9175EF-BAE3-434F-BB01-91AA55554E72}.Release|Any CPU.ActiveCfg = Release|Any CPU
		{DF9175EF-BAE3-434F-BB01-91AA55554E72}.Release|Any CPU.Build.0 = Release|Any CPU
		{DF9175EF-BAE3-434F-BB01-91AA55554E72}.Release|x64.ActiveCfg = Release|Any CPU
		{DF9175EF-BAE3-434F-BB01-91AA55554E72}.Release|x64.Build.0 = Release|Any CPU
		{DF9175EF-BAE3-434F-BB01-91AA55554E72}.Release|x86.ActiveCfg = Release|Any CPU
		{DF9175EF-BAE3-434F-BB01-91AA55554E72}.Release|x86.Build.0 = Release|Any CPU
		{5C1DF961-AAEA-45F1-9237-967A4A057019}.Debug|Any CPU.ActiveCfg = Debug|Any CPU
		{5C1DF961-AAEA-45F1-9237-967A4A057019}.Debug|Any CPU.Build.0 = Debug|Any CPU
		{5C1DF961-AAEA-45F1-9237-967A4A057019}.Debug|x64.ActiveCfg = Debug|Any CPU
		{5C1DF961-AAEA-45F1-9237-967A4A057019}.Debug|x64.Build.0 = Debug|Any CPU
		{5C1DF961-AAEA-45F1-9237-967A4A057019}.Debug|x86.ActiveCfg = Debug|Any CPU
		{5C1DF961-AAEA-45F1-9237-967A4A057019}.Debug|x86.Build.0 = Debug|Any CPU
		{5C1DF961-AAEA-45F1-9237-967A4A057019}.Release|Any CPU.ActiveCfg = Release|Any CPU
		{5C1DF961-AAEA-45F1-9237-967A4A057019}.Release|Any CPU.Build.0 = Release|Any CPU
		{5C1DF961-AAEA-45F1-9237-967A4A057019}.Release|x64.ActiveCfg = Release|Any CPU
		{5C1DF961-AAEA-45F1-9237-967A4A057019}.Release|x64.Build.0 = Release|Any CPU
		{5C1DF961-AAEA-45F1-9237-967A4A057019}.Release|x86.ActiveCfg = Release|Any CPU
		{5C1DF961-AAEA-45F1-9237-967A4A057019}.Release|x86.Build.0 = Release|Any CPU
		{0CED1703-DBFC-4CC8-BC8B-812F6672FC22}.Debug|Any CPU.ActiveCfg = Debug|Any CPU
		{0CED1703-DBFC-4CC8-BC8B-812F6672FC22}.Debug|Any CPU.Build.0 = Debug|Any CPU
		{0CED1703-DBFC-4CC8-BC8B-812F6672FC22}.Debug|x64.ActiveCfg = Debug|Any CPU
		{0CED1703-DBFC-4CC8-BC8B-812F6672FC22}.Debug|x64.Build.0 = Debug|Any CPU
		{0CED1703-DBFC-4CC8-BC8B-812F6672FC22}.Debug|x86.ActiveCfg = Debug|Any CPU
		{0CED1703-DBFC-4CC8-BC8B-812F6672FC22}.Debug|x86.Build.0 = Debug|Any CPU
		{0CED1703-DBFC-4CC8-BC8B-812F6672FC22}.Release|Any CPU.ActiveCfg = Release|Any CPU
		{0CED1703-DBFC-4CC8-BC8B-812F6672FC22}.Release|Any CPU.Build.0 = Release|Any CPU
		{0CED1703-DBFC-4CC8-BC8B-812F6672FC22}.Release|x64.ActiveCfg = Release|Any CPU
		{0CED1703-DBFC-4CC8-BC8B-812F6672FC22}.Release|x64.Build.0 = Release|Any CPU
		{0CED1703-DBFC-4CC8-BC8B-812F6672FC22}.Release|x86.ActiveCfg = Release|Any CPU
		{0CED1703-DBFC-4CC8-BC8B-812F6672FC22}.Release|x86.Build.0 = Release|Any CPU
		{60390B27-917A-458A-B874-FB01FE27CB77}.Debug|Any CPU.ActiveCfg = Debug|Any CPU
		{60390B27-917A-458A-B874-FB01FE27CB77}.Debug|Any CPU.Build.0 = Debug|Any CPU
		{60390B27-917A-458A-B874-FB01FE27CB77}.Debug|x64.ActiveCfg = Debug|Any CPU
		{60390B27-917A-458A-B874-FB01FE27CB77}.Debug|x64.Build.0 = Debug|Any CPU
		{60390B27-917A-458A-B874-FB01FE27CB77}.Debug|x86.ActiveCfg = Debug|Any CPU
		{60390B27-917A-458A-B874-FB01FE27CB77}.Debug|x86.Build.0 = Debug|Any CPU
		{60390B27-917A-458A-B874-FB01FE27CB77}.Release|Any CPU.ActiveCfg = Release|Any CPU
		{60390B27-917A-458A-B874-FB01FE27CB77}.Release|Any CPU.Build.0 = Release|Any CPU
		{60390B27-917A-458A-B874-FB01FE27CB77}.Release|x64.ActiveCfg = Release|Any CPU
		{60390B27-917A-458A-B874-FB01FE27CB77}.Release|x64.Build.0 = Release|Any CPU
		{60390B27-917A-458A-B874-FB01FE27CB77}.Release|x86.ActiveCfg = Release|Any CPU
		{60390B27-917A-458A-B874-FB01FE27CB77}.Release|x86.Build.0 = Release|Any CPU
		{286AFAAC-39A0-4669-B038-40B2467B35D2}.Debug|Any CPU.ActiveCfg = Debug|Any CPU
		{286AFAAC-39A0-4669-B038-40B2467B35D2}.Debug|Any CPU.Build.0 = Debug|Any CPU
		{286AFAAC-39A0-4669-B038-40B2467B35D2}.Debug|x64.ActiveCfg = Debug|Any CPU
		{286AFAAC-39A0-4669-B038-40B2467B35D2}.Debug|x64.Build.0 = Debug|Any CPU
		{286AFAAC-39A0-4669-B038-40B2467B35D2}.Debug|x86.ActiveCfg = Debug|Any CPU
		{286AFAAC-39A0-4669-B038-40B2467B35D2}.Debug|x86.Build.0 = Debug|Any CPU
		{286AFAAC-39A0-4669-B038-40B2467B35D2}.Release|Any CPU.ActiveCfg = Release|Any CPU
		{286AFAAC-39A0-4669-B038-40B2467B35D2}.Release|Any CPU.Build.0 = Release|Any CPU
		{286AFAAC-39A0-4669-B038-40B2467B35D2}.Release|x64.ActiveCfg = Release|Any CPU
		{286AFAAC-39A0-4669-B038-40B2467B35D2}.Release|x64.Build.0 = Release|Any CPU
		{286AFAAC-39A0-4669-B038-40B2467B35D2}.Release|x86.ActiveCfg = Release|Any CPU
		{286AFAAC-39A0-4669-B038-40B2467B35D2}.Release|x86.Build.0 = Release|Any CPU
		{5823E970-CBE0-4926-87BF-5EC92B91F262}.Debug|Any CPU.ActiveCfg = Debug|Any CPU
		{5823E970-CBE0-4926-87BF-5EC92B91F262}.Debug|Any CPU.Build.0 = Debug|Any CPU
		{5823E970-CBE0-4926-87BF-5EC92B91F262}.Debug|x64.ActiveCfg = Debug|Any CPU
		{5823E970-CBE0-4926-87BF-5EC92B91F262}.Debug|x64.Build.0 = Debug|Any CPU
		{5823E970-CBE0-4926-87BF-5EC92B91F262}.Debug|x86.ActiveCfg = Debug|Any CPU
		{5823E970-CBE0-4926-87BF-5EC92B91F262}.Debug|x86.Build.0 = Debug|Any CPU
		{5823E970-CBE0-4926-87BF-5EC92B91F262}.Release|Any CPU.ActiveCfg = Release|Any CPU
		{5823E970-CBE0-4926-87BF-5EC92B91F262}.Release|Any CPU.Build.0 = Release|Any CPU
		{5823E970-CBE0-4926-87BF-5EC92B91F262}.Release|x64.ActiveCfg = Release|Any CPU
		{5823E970-CBE0-4926-87BF-5EC92B91F262}.Release|x64.Build.0 = Release|Any CPU
		{5823E970-CBE0-4926-87BF-5EC92B91F262}.Release|x86.ActiveCfg = Release|Any CPU
		{5823E970-CBE0-4926-87BF-5EC92B91F262}.Release|x86.Build.0 = Release|Any CPU
	EndGlobalSection
	GlobalSection(SolutionProperties) = preSolution
		HideSolutionNode = FALSE
	EndGlobalSection
	GlobalSection(NestedProjects) = preSolution
		{E5BE2C75-5919-4824-BDEC-EBED00D55C23} = {827E0CD3-B72D-47B6-A68D-7590B98EB39B}
		{08CAC29D-70A5-459C-B9A0-A85EEAB6F839} = {827E0CD3-B72D-47B6-A68D-7590B98EB39B}
		{9B22B786-993D-4E47-B154-570D088F1F17} = {827E0CD3-B72D-47B6-A68D-7590B98EB39B}
		{16A5A311-FE8F-4362-B80A-C9554EC6B54A} = {827E0CD3-B72D-47B6-A68D-7590B98EB39B}
		{F12727AA-ABEF-07AF-E6F0-CD96E3D9A8AF} = {0AB3BF05-4346-4AA6-1389-037BE0695223}
		{0961CB76-D34C-4488-900C-F65D002A4262} = {F12727AA-ABEF-07AF-E6F0-CD96E3D9A8AF}
		{BB035E2D-921F-46FE-ADC8-D1AE67D0A589} = {0AB3BF05-4346-4AA6-1389-037BE0695223}
		{DF9175EF-BAE3-434F-BB01-91AA55554E72} = {0AB3BF05-4346-4AA6-1389-037BE0695223}
		{5C1DF961-AAEA-45F1-9237-967A4A057019} = {827E0CD3-B72D-47B6-A68D-7590B98EB39B}
		{0CED1703-DBFC-4CC8-BC8B-812F6672FC22} = {827E0CD3-B72D-47B6-A68D-7590B98EB39B}
		{60390B27-917A-458A-B874-FB01FE27CB77} = {0AB3BF05-4346-4AA6-1389-037BE0695223}
		{286AFAAC-39A0-4669-B038-40B2467B35D2} = {07D57EEB-2F50-60C4-C011-FE4FA775C9A8}
		{5823E970-CBE0-4926-87BF-5EC92B91F262} = {0AB3BF05-4346-4AA6-1389-037BE0695223}
	EndGlobalSection
EndGlobal
